
Microsoft Visual Studio Solution File, Format Version 12.00
# Visual Studio Version 16
VisualStudioVersion = 16.0.29911.84
MinimumVisualStudioVersion = 10.0.40219.1
Project("{FAE04EC0-301F-11D3-BF4B-00C04F79EFBC}") = "Final2", "Final2\Final2.csproj", "{95F9E4E1-4737-407A-97AC-CEE78ADD22A9}"
EndProject
Global
	GlobalSection(SolutionConfigurationPlatforms) = preSolution
		Debug|Any CPU = Debug|Any CPU
		Release|Any CPU = Release|Any CPU
	EndGlobalSection
	GlobalSection(ProjectConfigurationPlatforms) = postSolution
		{95F9E4E1-4737-407A-97AC-CEE78ADD22A9}.Debug|Any CPU.ActiveCfg = Debug|Any CPU
		{95F9E4E1-4737-407A-97AC-CEE78ADD22A9}.Debug|Any CPU.Build.0 = Debug|Any CPU
		{95F9E4E1-4737-407A-97AC-CEE78ADD22A9}.Release|Any CPU.ActiveCfg = Release|Any CPU
		{95F9E4E1-4737-407A-97AC-CEE78ADD22A9}.Release|Any CPU.Build.0 = Release|Any CPU
	EndGlobalSection
	GlobalSection(SolutionProperties) = preSolution
		HideSolutionNode = FALSE
	EndGlobalSection
	GlobalSection(ExtensibilityGlobals) = postSolution
		SolutionGuid = {E1E73B59-5FC5-47C0-9ADD-E24BC5264D2E}
	EndGlobalSection
EndGlobal
